
Microsoft Visual Studio Solution File, Format Version 12.00
# Visual Studio Version 17
VisualStudioVersion = 17.4.33403.182
MinimumVisualStudioVersion = 10.0.40219.1
Project("{8BC9CEB8-8B4A-11D0-8D11-00A0C91BC942}") = "Project1", "Project1\Project1.vcxproj", "{831B9F69-5E10-438F-AA56-72AC11BCC474}"
EndProject
Global
	GlobalSection(SolutionConfigurationPlatforms) = preSolution
		Debug|x64 = Debug|x64
		Debug|x86 = Debug|x86
		Release|x64 = Release|x64
		Release|x86 = Release|x86
	EndGlobalSection
	GlobalSection(ProjectConfigurationPlatforms) = postSolution
		{831B9F69-5E10-438F-AA56-72AC11BCC474}.Debug|x64.ActiveCfg = Debug|x64
		{831B9F69-5E10-438F-AA56-72AC11BCC474}.Debug|x64.Build.0 = Debug|x64
		{831B9F69-5E10-438F-AA56-72AC11BCC474}.Debug|x86.ActiveCfg = Debug|Win32
		{831B9F69-5E10-438F-AA56-72AC11BCC474}.Debug|x86.Build.0 = Debug|Win32
		{831B9F69-5E10-438F-AA56-72AC11BCC474}.Release|x64.ActiveCfg = Release|x64
		{831B9F69-5E10-438F-AA56-72AC11BCC474}.Release|x64.Build.0 = Release|x64
		{831B9F69-5E10-438F-AA56-72AC11BCC474}.Release|x86.ActiveCfg = Release|Win32
		{831B9F69-5E10-438F-AA56-72AC11BCC474}.Release|x86.Build.0 = Release|Win32
	EndGlobalSection
	GlobalSection(SolutionProperties) = preSolution
		HideSolutionNode = FALSE
	EndGlobalSection
	GlobalSection(ExtensibilityGlobals) = postSolution
		SolutionGuid = {FE8D10C4-C252-49E5-8365-E2B24567CA81}
	EndGlobalSection
EndGlobal
