
Microsoft Visual Studio Solution File, Format Version 12.00
# Visual Studio Version 17
VisualStudioVersion = 17.4.33403.182
MinimumVisualStudioVersion = 10.0.40219.1
Project("{8BC9CEB8-8B4A-11D0-8D11-00A0C91BC942}") = "Project1", "Project1\Project1.vcxproj", "{831B9F69-5E10-438F-AA56-72AC11BCC474}"
EndProject
Project("{8BC9CEB8-8B4A-11D0-8D11-00A0C91BC942}") = "Project2", "Project2\Project2.vcxproj", "{09BE9E0A-0A7C-4D89-9080-E3D8F1F47A13}"
EndProject
Project("{8BC9CEB8-8B4A-11D0-8D11-00A0C91BC942}") = "Project3", "Project3\Project3.vcxproj", "{EA09ECA8-49BF-4150-88D6-9A5236CA6DEC}"
EndProject
Project("{8BC9CEB8-8B4A-11D0-8D11-00A0C91BC942}") = "Project4", "Project4\Project4.vcxproj", "{4FDE27EA-EC38-43B0-A479-0E8029D8BA63}"
EndProject
Project("{8BC9CEB8-8B4A-11D0-8D11-00A0C91BC942}") = "Project5", "Project5\Project5.vcxproj", "{C07DAADE-502B-4E53-AEC9-DA75C9CC8140}"
EndProject
Project("{8BC9CEB8-8B4A-11D0-8D11-00A0C91BC942}") = "Project6", "Project6\Project6.vcxproj", "{A1F5EFD9-15DA-4082-8145-AC52E2C8084F}"
EndProject
Project("{8BC9CEB8-8B4A-11D0-8D11-00A0C91BC942}") = "Project7", "Project7\Project7.vcxproj", "{68D160C1-3995-4A3B-81EE-2B5AB726ACA6}"
EndProject
Project("{8BC9CEB8-8B4A-11D0-8D11-00A0C91BC942}") = "Project8", "Project8\Project8.vcxproj", "{BA7E9B49-178C-41ED-925C-A1AFD5EE90E0}"
EndProject
Project("{8BC9CEB8-8B4A-11D0-8D11-00A0C91BC942}") = "Project9", "Project9\Project9.vcxproj", "{C463DBD9-3D56-4D76-AE4A-F421DFCC11DB}"
EndProject
Project("{8BC9CEB8-8B4A-11D0-8D11-00A0C91BC942}") = "Project10", "Project10\Project10.vcxproj", "{58E417C2-E67D-416F-BE47-045F011597B6}"
EndProject
Project("{8BC9CEB8-8B4A-11D0-8D11-00A0C91BC942}") = "Project11", "Project11\Project11.vcxproj", "{B097897F-970A-454D-8FA3-0A60AB57ABF0}"
EndProject
Global
	GlobalSection(SolutionConfigurationPlatforms) = preSolution
		Debug|x64 = Debug|x64
		Debug|x86 = Debug|x86
		Release|x64 = Release|x64
		Release|x86 = Release|x86
	EndGlobalSection
	GlobalSection(ProjectConfigurationPlatforms) = postSolution
		{831B9F69-5E10-438F-AA56-72AC11BCC474}.Debug|x64.ActiveCfg = Debug|x64
		{831B9F69-5E10-438F-AA56-72AC11BCC474}.Debug|x64.Build.0 = Debug|x64
		{831B9F69-5E10-438F-AA56-72AC11BCC474}.Debug|x86.ActiveCfg = Debug|Win32
		{831B9F69-5E10-438F-AA56-72AC11BCC474}.Debug|x86.Build.0 = Debug|Win32
		{831B9F69-5E10-438F-AA56-72AC11BCC474}.Release|x64.ActiveCfg = Release|x64
		{831B9F69-5E10-438F-AA56-72AC11BCC474}.Release|x64.Build.0 = Release|x64
		{831B9F69-5E10-438F-AA56-72AC11BCC474}.Release|x86.ActiveCfg = Release|Win32
		{831B9F69-5E10-438F-AA56-72AC11BCC474}.Release|x86.Build.0 = Release|Win32
		{09BE9E0A-0A7C-4D89-9080-E3D8F1F47A13}.Debug|x64.ActiveCfg = Debug|x64
		{09BE9E0A-0A7C-4D89-9080-E3D8F1F47A13}.Debug|x64.Build.0 = Debug|x64
		{09BE9E0A-0A7C-4D89-9080-E3D8F1F47A13}.Debug|x86.ActiveCfg = Debug|Win32
		{09BE9E0A-0A7C-4D89-9080-E3D8F1F47A13}.Debug|x86.Build.0 = Debug|Win32
		{09BE9E0A-0A7C-4D89-9080-E3D8F1F47A13}.Release|x64.ActiveCfg = Release|x64
		{09BE9E0A-0A7C-4D89-9080-E3D8F1F47A13}.Release|x64.Build.0 = Release|x64
		{09BE9E0A-0A7C-4D89-9080-E3D8F1F47A13}.Release|x86.ActiveCfg = Release|Win32
		{09BE9E0A-0A7C-4D89-9080-E3D8F1F47A13}.Release|x86.Build.0 = Release|Win32
		{EA09ECA8-49BF-4150-88D6-9A5236CA6DEC}.Debug|x64.ActiveCfg = Debug|x64
		{EA09ECA8-49BF-4150-88D6-9A5236CA6DEC}.Debug|x64.Build.0 = Debug|x64
		{EA09ECA8-49BF-4150-88D6-9A5236CA6DEC}.Debug|x86.ActiveCfg = Debug|Win32
		{EA09ECA8-49BF-4150-88D6-9A5236CA6DEC}.Debug|x86.Build.0 = Debug|Win32
		{EA09ECA8-49BF-4150-88D6-9A5236CA6DEC}.Release|x64.ActiveCfg = Release|x64
		{EA09ECA8-49BF-4150-88D6-9A5236CA6DEC}.Release|x64.Build.0 = Release|x64
		{EA09ECA8-49BF-4150-88D6-9A5236CA6DEC}.Release|x86.ActiveCfg = Release|Win32
		{EA09ECA8-49BF-4150-88D6-9A5236CA6DEC}.Release|x86.Build.0 = Release|Win32
		{4FDE27EA-EC38-43B0-A479-0E8029D8BA63}.Debug|x64.ActiveCfg = Debug|x64
		{4FDE27EA-EC38-43B0-A479-0E8029D8BA63}.Debug|x64.Build.0 = Debug|x64
		{4FDE27EA-EC38-43B0-A479-0E8029D8BA63}.Debug|x86.ActiveCfg = Debug|Win32
		{4FDE27EA-EC38-43B0-A479-0E8029D8BA63}.Debug|x86.Build.0 = Debug|Win32
		{4FDE27EA-EC38-43B0-A479-0E8029D8BA63}.Release|x64.ActiveCfg = Release|x64
		{4FDE27EA-EC38-43B0-A479-0E8029D8BA63}.Release|x64.Build.0 = Release|x64
		{4FDE27EA-EC38-43B0-A479-0E8029D8BA63}.Release|x86.ActiveCfg = Release|Win32
		{4FDE27EA-EC38-43B0-A479-0E8029D8BA63}.Release|x86.Build.0 = Release|Win32
		{C07DAADE-502B-4E53-AEC9-DA75C9CC8140}.Debug|x64.ActiveCfg = Debug|x64
		{C07DAADE-502B-4E53-AEC9-DA75C9CC8140}.Debug|x64.Build.0 = Debug|x64
		{C07DAADE-502B-4E53-AEC9-DA75C9CC8140}.Debug|x86.ActiveCfg = Debug|Win32
		{C07DAADE-502B-4E53-AEC9-DA75C9CC8140}.Debug|x86.Build.0 = Debug|Win32
		{C07DAADE-502B-4E53-AEC9-DA75C9CC8140}.Release|x64.ActiveCfg = Release|x64
		{C07DAADE-502B-4E53-AEC9-DA75C9CC8140}.Release|x64.Build.0 = Release|x64
		{C07DAADE-502B-4E53-AEC9-DA75C9CC8140}.Release|x86.ActiveCfg = Release|Win32
		{C07DAADE-502B-4E53-AEC9-DA75C9CC8140}.Release|x86.Build.0 = Release|Win32
		{A1F5EFD9-15DA-4082-8145-AC52E2C8084F}.Debug|x64.ActiveCfg = Debug|x64
		{A1F5EFD9-15DA-4082-8145-AC52E2C8084F}.Debug|x64.Build.0 = Debug|x64
		{A1F5EFD9-15DA-4082-8145-AC52E2C8084F}.Debug|x86.ActiveCfg = Debug|Win32
		{A1F5EFD9-15DA-4082-8145-AC52E2C8084F}.Debug|x86.Build.0 = Debug|Win32
		{A1F5EFD9-15DA-4082-8145-AC52E2C8084F}.Release|x64.ActiveCfg = Release|x64
		{A1F5EFD9-15DA-4082-8145-AC52E2C8084F}.Release|x64.Build.0 = Release|x64
		{A1F5EFD9-15DA-4082-8145-AC52E2C8084F}.Release|x86.ActiveCfg = Release|Win32
		{A1F5EFD9-15DA-4082-8145-AC52E2C8084F}.Release|x86.Build.0 = Release|Win32
		{68D160C1-3995-4A3B-81EE-2B5AB726ACA6}.Debug|x64.ActiveCfg = Debug|x64
		{68D160C1-3995-4A3B-81EE-2B5AB726ACA6}.Debug|x64.Build.0 = Debug|x64
		{68D160C1-3995-4A3B-81EE-2B5AB726ACA6}.Debug|x86.ActiveCfg = Debug|Win32
		{68D160C1-3995-4A3B-81EE-2B5AB726ACA6}.Debug|x86.Build.0 = Debug|Win32
		{68D160C1-3995-4A3B-81EE-2B5AB726ACA6}.Release|x64.ActiveCfg = Release|x64
		{68D160C1-3995-4A3B-81EE-2B5AB726ACA6}.Release|x64.Build.0 = Release|x64
		{68D160C1-3995-4A3B-81EE-2B5AB726ACA6}.Release|x86.ActiveCfg = Release|Win32
		{68D160C1-3995-4A3B-81EE-2B5AB726ACA6}.Release|x86.Build.0 = Release|Win32
		{BA7E9B49-178C-41ED-925C-A1AFD5EE90E0}.Debug|x64.ActiveCfg = Debug|x64
		{BA7E9B49-178C-41ED-925C-A1AFD5EE90E0}.Debug|x64.Build.0 = Debug|x64
		{BA7E9B49-178C-41ED-925C-A1AFD5EE90E0}.Debug|x86.ActiveCfg = Debug|Win32
		{BA7E9B49-178C-41ED-925C-A1AFD5EE90E0}.Debug|x86.Build.0 = Debug|Win32
		{BA7E9B49-178C-41ED-925C-A1AFD5EE90E0}.Release|x64.ActiveCfg = Release|x64
		{BA7E9B49-178C-41ED-925C-A1AFD5EE90E0}.Release|x64.Build.0 = Release|x64
		{BA7E9B49-178C-41ED-925C-A1AFD5EE90E0}.Release|x86.ActiveCfg = Release|Win32
		{BA7E9B49-178C-41ED-925C-A1AFD5EE90E0}.Release|x86.Build.0 = Release|Win32
		{C463DBD9-3D56-4D76-AE4A-F421DFCC11DB}.Debug|x64.ActiveCfg = Debug|x64
		{C463DBD9-3D56-4D76-AE4A-F421DFCC11DB}.Debug|x64.Build.0 = Debug|x64
		{C463DBD9-3D56-4D76-AE4A-F421DFCC11DB}.Debug|x86.ActiveCfg = Debug|Win32
		{C463DBD9-3D56-4D76-AE4A-F421DFCC11DB}.Debug|x86.Build.0 = Debug|Win32
		{C463DBD9-3D56-4D76-AE4A-F421DFCC11DB}.Release|x64.ActiveCfg = Release|x64
		{C463DBD9-3D56-4D76-AE4A-F421DFCC11DB}.Release|x64.Build.0 = Release|x64
		{C463DBD9-3D56-4D76-AE4A-F421DFCC11DB}.Release|x86.ActiveCfg = Release|Win32
		{C463DBD9-3D56-4D76-AE4A-F421DFCC11DB}.Release|x86.Build.0 = Release|Win32
		{58E417C2-E67D-416F-BE47-045F011597B6}.Debug|x64.ActiveCfg = Debug|x64
		{58E417C2-E67D-416F-BE47-045F011597B6}.Debug|x64.Build.0 = Debug|x64
		{58E417C2-E67D-416F-BE47-045F011597B6}.Debug|x86.ActiveCfg = Debug|Win32
		{58E417C2-E67D-416F-BE47-045F011597B6}.Debug|x86.Build.0 = Debug|Win32
		{58E417C2-E67D-416F-BE47-045F011597B6}.Release|x64.ActiveCfg = Release|x64
		{58E417C2-E67D-416F-BE47-045F011597B6}.Release|x64.Build.0 = Release|x64
		{58E417C2-E67D-416F-BE47-045F011597B6}.Release|x86.ActiveCfg = Release|Win32
		{58E417C2-E67D-416F-BE47-045F011597B6}.Release|x86.Build.0 = Release|Win32
		{B097897F-970A-454D-8FA3-0A60AB57ABF0}.Debug|x64.ActiveCfg = Debug|x64
		{B097897F-970A-454D-8FA3-0A60AB57ABF0}.Debug|x64.Build.0 = Debug|x64
		{B097897F-970A-454D-8FA3-0A60AB57ABF0}.Debug|x86.ActiveCfg = Debug|Win32
		{B097897F-970A-454D-8FA3-0A60AB57ABF0}.Debug|x86.Build.0 = Debug|Win32
		{B097897F-970A-454D-8FA3-0A60AB57ABF0}.Release|x64.ActiveCfg = Release|x64
		{B097897F-970A-454D-8FA3-0A60AB57ABF0}.Release|x64.Build.0 = Release|x64
		{B097897F-970A-454D-8FA3-0A60AB57ABF0}.Release|x86.ActiveCfg = Release|Win32
		{B097897F-970A-454D-8FA3-0A60AB57ABF0}.Release|x86.Build.0 = Release|Win32
	EndGlobalSection
	GlobalSection(SolutionProperties) = preSolution
		HideSolutionNode = FALSE
	EndGlobalSection
	GlobalSection(ExtensibilityGlobals) = postSolution
		SolutionGuid = {FE8D10C4-C252-49E5-8365-E2B24567CA81}
	EndGlobalSection
EndGlobal
